
Microsoft Visual Studio Solution File, Format Version 12.00
# Visual Studio Version 17
VisualStudioVersion = 17.4.33205.214
MinimumVisualStudioVersion = 10.0.40219.1
Project("{9A19103F-16F7-4668-BE54-9A1E7A4F7556}") = "DevelopmentAndBuildTools", "DevelopmentAndBuildTools\DevelopmentAndBuildTools.csproj", "{6AB743DA-9554-4B8B-BFF9-ED4AD8E6F167}"
EndProject
Project("{9A19103F-16F7-4668-BE54-9A1E7A4F7556}") = "BasicOf.NETFrameworkAndCSharp", "BasicOf.NETFrameworkAndCSharp\BasicOf.NETFrameworkAndCSharp.csproj", "{452A9614-0B7E-4558-B7AE-400C1910D24A}"
EndProject
Project("{9A19103F-16F7-4668-BE54-9A1E7A4F7556}") = "OOP", "OOP\OOP.csproj", "{AF713899-108F-4649-AA04-AE7FF2F557EB}"
EndProject
Project("{9A19103F-16F7-4668-BE54-9A1E7A4F7556}") = "InterfacesAndAbstractClasses", "InterfacesAndAbstractClasses\InterfacesAndAbstractClasses.csproj", "{6ED5874F-F3DA-4EB6-A827-E29D54C403F2}"
EndProject
Project("{9A19103F-16F7-4668-BE54-9A1E7A4F7556}") = "CleanCode", "CleanCode\CleanCode.csproj", "{59247160-1534-4BC6-906A-9BA1C0E01A84}"
EndProject
Project("{9A19103F-16F7-4668-BE54-9A1E7A4F7556}") = "DotNetCollections", "DotNetCollections\DotNetCollections.csproj", "{E08E1C7E-8562-4E3C-9737-E7FB5BB48EE9}"
EndProject
Project("{2150E333-8FDC-42A3-9474-1A3956D46DE8}") = "Solution Items", "Solution Items", "{22CA5329-9A44-485D-98B4-99BBAD831A6A}"
	ProjectSection(SolutionItems) = preProject
		.editorconfig = .editorconfig
	EndProjectSection
EndProject
Project("{9A19103F-16F7-4668-BE54-9A1E7A4F7556}") = "Exceptions", "Exceptions\Exceptions.csproj", "{0507F947-3589-4546-8409-76757680F880}"
EndProject
Project("{FAE04EC0-301F-11D3-BF4B-00C04F79EFBC}") = "OOPDesignPrinciples", "OOPDesignPrinciples\OOPDesignPrinciples.csproj", "{C3161A38-4335-4B15-B9C4-7FDD7FA430BF}"
EndProject
Global
	GlobalSection(SolutionConfigurationPlatforms) = preSolution
		Debug|Any CPU = Debug|Any CPU
		Release|Any CPU = Release|Any CPU
	EndGlobalSection
	GlobalSection(ProjectConfigurationPlatforms) = postSolution
		{6AB743DA-9554-4B8B-BFF9-ED4AD8E6F167}.Debug|Any CPU.ActiveCfg = Debug|Any CPU
		{6AB743DA-9554-4B8B-BFF9-ED4AD8E6F167}.Debug|Any CPU.Build.0 = Debug|Any CPU
		{6AB743DA-9554-4B8B-BFF9-ED4AD8E6F167}.Release|Any CPU.ActiveCfg = Release|Any CPU
		{6AB743DA-9554-4B8B-BFF9-ED4AD8E6F167}.Release|Any CPU.Build.0 = Release|Any CPU
		{452A9614-0B7E-4558-B7AE-400C1910D24A}.Debug|Any CPU.ActiveCfg = Debug|Any CPU
		{452A9614-0B7E-4558-B7AE-400C1910D24A}.Debug|Any CPU.Build.0 = Debug|Any CPU
		{452A9614-0B7E-4558-B7AE-400C1910D24A}.Release|Any CPU.ActiveCfg = Release|Any CPU
		{452A9614-0B7E-4558-B7AE-400C1910D24A}.Release|Any CPU.Build.0 = Release|Any CPU
		{AF713899-108F-4649-AA04-AE7FF2F557EB}.Debug|Any CPU.ActiveCfg = Debug|Any CPU
		{AF713899-108F-4649-AA04-AE7FF2F557EB}.Debug|Any CPU.Build.0 = Debug|Any CPU
		{AF713899-108F-4649-AA04-AE7FF2F557EB}.Release|Any CPU.ActiveCfg = Release|Any CPU
		{AF713899-108F-4649-AA04-AE7FF2F557EB}.Release|Any CPU.Build.0 = Release|Any CPU
		{6ED5874F-F3DA-4EB6-A827-E29D54C403F2}.Debug|Any CPU.ActiveCfg = Debug|Any CPU
		{6ED5874F-F3DA-4EB6-A827-E29D54C403F2}.Debug|Any CPU.Build.0 = Debug|Any CPU
		{6ED5874F-F3DA-4EB6-A827-E29D54C403F2}.Release|Any CPU.ActiveCfg = Release|Any CPU
		{6ED5874F-F3DA-4EB6-A827-E29D54C403F2}.Release|Any CPU.Build.0 = Release|Any CPU
		{59247160-1534-4BC6-906A-9BA1C0E01A84}.Debug|Any CPU.ActiveCfg = Debug|Any CPU
		{59247160-1534-4BC6-906A-9BA1C0E01A84}.Debug|Any CPU.Build.0 = Debug|Any CPU
		{59247160-1534-4BC6-906A-9BA1C0E01A84}.Release|Any CPU.ActiveCfg = Release|Any CPU
		{59247160-1534-4BC6-906A-9BA1C0E01A84}.Release|Any CPU.Build.0 = Release|Any CPU
		{E08E1C7E-8562-4E3C-9737-E7FB5BB48EE9}.Debug|Any CPU.ActiveCfg = Debug|Any CPU
		{E08E1C7E-8562-4E3C-9737-E7FB5BB48EE9}.Debug|Any CPU.Build.0 = Debug|Any CPU
		{E08E1C7E-8562-4E3C-9737-E7FB5BB48EE9}.Release|Any CPU.ActiveCfg = Release|Any CPU
		{E08E1C7E-8562-4E3C-9737-E7FB5BB48EE9}.Release|Any CPU.Build.0 = Release|Any CPU
		{0507F947-3589-4546-8409-76757680F880}.Debug|Any CPU.ActiveCfg = Debug|Any CPU
		{0507F947-3589-4546-8409-76757680F880}.Debug|Any CPU.Build.0 = Debug|Any CPU
		{0507F947-3589-4546-8409-76757680F880}.Release|Any CPU.ActiveCfg = Release|Any CPU
		{0507F947-3589-4546-8409-76757680F880}.Release|Any CPU.Build.0 = Release|Any CPU
		{C3161A38-4335-4B15-B9C4-7FDD7FA430BF}.Debug|Any CPU.ActiveCfg = Debug|Any CPU
		{C3161A38-4335-4B15-B9C4-7FDD7FA430BF}.Debug|Any CPU.Build.0 = Debug|Any CPU
		{C3161A38-4335-4B15-B9C4-7FDD7FA430BF}.Release|Any CPU.ActiveCfg = Release|Any CPU
		{C3161A38-4335-4B15-B9C4-7FDD7FA430BF}.Release|Any CPU.Build.0 = Release|Any CPU
	EndGlobalSection
	GlobalSection(SolutionProperties) = preSolution
		HideSolutionNode = FALSE
	EndGlobalSection
	GlobalSection(ExtensibilityGlobals) = postSolution
		SolutionGuid = {1A2953AF-B93B-4EC2-9F70-CD4F495A9EB1}
	EndGlobalSection
EndGlobal
